
Microsoft Visual Studio Solution File, Format Version 12.00
# Visual Studio 15
VisualStudioVersion = 15.0.28010.2046
MinimumVisualStudioVersion = 10.0.40219.1
Project("{FAE04EC0-301F-11D3-BF4B-00C04F79EFBC}") = "StripeDemo", "StripeDemo\StripeDemo.csproj", "{D8D2AFBA-C709-450B-99F2-6F33B29FF71A}"
EndProject
Global
	GlobalSection(SolutionConfigurationPlatforms) = preSolution
		Debug|Any CPU = Debug|Any CPU
		Release|Any CPU = Release|Any CPU
	EndGlobalSection
	GlobalSection(ProjectConfigurationPlatforms) = postSolution
		{D8D2AFBA-C709-450B-99F2-6F33B29FF71A}.Debug|Any CPU.ActiveCfg = Debug|Any CPU
		{D8D2AFBA-C709-450B-99F2-6F33B29FF71A}.Debug|Any CPU.Build.0 = Debug|Any CPU
		{D8D2AFBA-C709-450B-99F2-6F33B29FF71A}.Release|Any CPU.ActiveCfg = Release|Any CPU
		{D8D2AFBA-C709-450B-99F2-6F33B29FF71A}.Release|Any CPU.Build.0 = Release|Any CPU
	EndGlobalSection
	GlobalSection(SolutionProperties) = preSolution
		HideSolutionNode = FALSE
	EndGlobalSection
	GlobalSection(ExtensibilityGlobals) = postSolution
		SolutionGuid = {56CAD6BF-C9B7-417C-96D0-715D72479CA7}
	EndGlobalSection
EndGlobal
